
Microsoft Visual Studio Solution File, Format Version 12.00
# Visual Studio Version 16
VisualStudioVersion = 16.0.32106.194
MinimumVisualStudioVersion = 10.0.40219.1
Project("{9A19103F-16F7-4668-BE54-9A1E7A4F7556}") = "Entities", "Entities\Entities.csproj", "{DB0BD74D-D4D3-4D08-B17C-3A9DC197BF0E}"
EndProject
Project("{9A19103F-16F7-4668-BE54-9A1E7A4F7556}") = "DataAccess", "DataAccess\DataAccess.csproj", "{CA0A6ECA-60BA-4EB1-B58C-C942479F28D2}"
EndProject
Project("{9A19103F-16F7-4668-BE54-9A1E7A4F7556}") = "Business", "Business\Business.csproj", "{7520BB22-F207-4294-8859-2991338101AE}"
EndProject
Project("{9A19103F-16F7-4668-BE54-9A1E7A4F7556}") = "Core", "Core\Core.csproj", "{2C7F5EDD-5A76-44E1-AC32-8439E67CDDD8}"
EndProject
Project("{9A19103F-16F7-4668-BE54-9A1E7A4F7556}") = "ConsoleeUI", "ConsoleeUI\ConsoleeUI.csproj", "{1513D9FA-EEFE-4122-B330-EE84344B7E10}"
EndProject
Project("{FAE04EC0-301F-11D3-BF4B-00C04F79EFBC}") = "WebAPI", "WebAPI\WebAPI.csproj", "{0C3AA736-8C63-4685-B16E-7C932C667D47}"
EndProject
Global
	GlobalSection(SolutionConfigurationPlatforms) = preSolution
		Debug|Any CPU = Debug|Any CPU
		Release|Any CPU = Release|Any CPU
	EndGlobalSection
	GlobalSection(ProjectConfigurationPlatforms) = postSolution
		{DB0BD74D-D4D3-4D08-B17C-3A9DC197BF0E}.Debug|Any CPU.ActiveCfg = Debug|Any CPU
		{DB0BD74D-D4D3-4D08-B17C-3A9DC197BF0E}.Debug|Any CPU.Build.0 = Debug|Any CPU
		{DB0BD74D-D4D3-4D08-B17C-3A9DC197BF0E}.Release|Any CPU.ActiveCfg = Release|Any CPU
		{DB0BD74D-D4D3-4D08-B17C-3A9DC197BF0E}.Release|Any CPU.Build.0 = Release|Any CPU
		{CA0A6ECA-60BA-4EB1-B58C-C942479F28D2}.Debug|Any CPU.ActiveCfg = Debug|Any CPU
		{CA0A6ECA-60BA-4EB1-B58C-C942479F28D2}.Debug|Any CPU.Build.0 = Debug|Any CPU
		{CA0A6ECA-60BA-4EB1-B58C-C942479F28D2}.Release|Any CPU.ActiveCfg = Release|Any CPU
		{CA0A6ECA-60BA-4EB1-B58C-C942479F28D2}.Release|Any CPU.Build.0 = Release|Any CPU
		{7520BB22-F207-4294-8859-2991338101AE}.Debug|Any CPU.ActiveCfg = Debug|Any CPU
		{7520BB22-F207-4294-8859-2991338101AE}.Debug|Any CPU.Build.0 = Debug|Any CPU
		{7520BB22-F207-4294-8859-2991338101AE}.Release|Any CPU.ActiveCfg = Release|Any CPU
		{7520BB22-F207-4294-8859-2991338101AE}.Release|Any CPU.Build.0 = Release|Any CPU
		{2C7F5EDD-5A76-44E1-AC32-8439E67CDDD8}.Debug|Any CPU.ActiveCfg = Debug|Any CPU
		{2C7F5EDD-5A76-44E1-AC32-8439E67CDDD8}.Debug|Any CPU.Build.0 = Debug|Any CPU
		{2C7F5EDD-5A76-44E1-AC32-8439E67CDDD8}.Release|Any CPU.ActiveCfg = Release|Any CPU
		{2C7F5EDD-5A76-44E1-AC32-8439E67CDDD8}.Release|Any CPU.Build.0 = Release|Any CPU
		{1513D9FA-EEFE-4122-B330-EE84344B7E10}.Debug|Any CPU.ActiveCfg = Debug|Any CPU
		{1513D9FA-EEFE-4122-B330-EE84344B7E10}.Debug|Any CPU.Build.0 = Debug|Any CPU
		{1513D9FA-EEFE-4122-B330-EE84344B7E10}.Release|Any CPU.ActiveCfg = Release|Any CPU
		{1513D9FA-EEFE-4122-B330-EE84344B7E10}.Release|Any CPU.Build.0 = Release|Any CPU
		{0C3AA736-8C63-4685-B16E-7C932C667D47}.Debug|Any CPU.ActiveCfg = Debug|Any CPU
		{0C3AA736-8C63-4685-B16E-7C932C667D47}.Debug|Any CPU.Build.0 = Debug|Any CPU
		{0C3AA736-8C63-4685-B16E-7C932C667D47}.Release|Any CPU.ActiveCfg = Release|Any CPU
		{0C3AA736-8C63-4685-B16E-7C932C667D47}.Release|Any CPU.Build.0 = Release|Any CPU
	EndGlobalSection
	GlobalSection(SolutionProperties) = preSolution
		HideSolutionNode = FALSE
	EndGlobalSection
	GlobalSection(ExtensibilityGlobals) = postSolution
		SolutionGuid = {37E541A0-6630-4C8A-A820-F653E9815418}
	EndGlobalSection
EndGlobal
